
Microsoft Visual Studio Solution File, Format Version 12.00
# Visual Studio Version 17
VisualStudioVersion = 17.8.34330.188
MinimumVisualStudioVersion = 10.0.40219.1
Project("{2150E333-8FDC-42A3-9474-1A3956D46DE8}") = "src", "src", "{A4CECA8E-9AA8-4377-99A6-9EAC99305071}"
EndProject
Project("{2150E333-8FDC-42A3-9474-1A3956D46DE8}") = "Core", "Core", "{DC2028D1-CA7A-45E9-BB13-4C4E2E6CD484}"
EndProject
Project("{2150E333-8FDC-42A3-9474-1A3956D46DE8}") = "Infrastructure", "Infrastructure", "{A7D9A26C-0700-44FD-B06E-C1695DA24701}"
EndProject
Project("{2150E333-8FDC-42A3-9474-1A3956D46DE8}") = "Presentation", "Presentation", "{C3E4AB55-83EA-487F-96A9-EB783244D21E}"
EndProject
Project("{9A19103F-16F7-4668-BE54-9A1E7A4F7556}") = "Web", "Web\Web.csproj", "{95DA0F82-6FD5-4405-BE73-B4CF7140B94F}"
EndProject
Project("{9A19103F-16F7-4668-BE54-9A1E7A4F7556}") = "Application", "Application\Application.csproj", "{B9EE7679-D236-49B2-AACF-BD4888DBD274}"
EndProject
Project("{9A19103F-16F7-4668-BE54-9A1E7A4F7556}") = "Domain", "Domain\Domain.csproj", "{34465EF0-1F46-4676-A016-943E36B346C0}"
EndProject
Project("{9A19103F-16F7-4668-BE54-9A1E7A4F7556}") = "Infrastructure", "Infrastructure\Infrastructure.csproj", "{52BA2988-7BF3-4C9F-8BF2-B0BD4B4F928B}"
EndProject
Project("{9A19103F-16F7-4668-BE54-9A1E7A4F7556}") = "Persistense", "Persistense\Persistense.csproj", "{BFAC0277-E52C-4357-9B22-6B85644BB217}"
EndProject
Global
	GlobalSection(SolutionConfigurationPlatforms) = preSolution
		Debug|Any CPU = Debug|Any CPU
		Release|Any CPU = Release|Any CPU
	EndGlobalSection
	GlobalSection(ProjectConfigurationPlatforms) = postSolution
		{95DA0F82-6FD5-4405-BE73-B4CF7140B94F}.Debug|Any CPU.ActiveCfg = Debug|Any CPU
		{95DA0F82-6FD5-4405-BE73-B4CF7140B94F}.Debug|Any CPU.Build.0 = Debug|Any CPU
		{95DA0F82-6FD5-4405-BE73-B4CF7140B94F}.Release|Any CPU.ActiveCfg = Release|Any CPU
		{95DA0F82-6FD5-4405-BE73-B4CF7140B94F}.Release|Any CPU.Build.0 = Release|Any CPU
		{B9EE7679-D236-49B2-AACF-BD4888DBD274}.Debug|Any CPU.ActiveCfg = Debug|Any CPU
		{B9EE7679-D236-49B2-AACF-BD4888DBD274}.Debug|Any CPU.Build.0 = Debug|Any CPU
		{B9EE7679-D236-49B2-AACF-BD4888DBD274}.Release|Any CPU.ActiveCfg = Release|Any CPU
		{B9EE7679-D236-49B2-AACF-BD4888DBD274}.Release|Any CPU.Build.0 = Release|Any CPU
		{34465EF0-1F46-4676-A016-943E36B346C0}.Debug|Any CPU.ActiveCfg = Debug|Any CPU
		{34465EF0-1F46-4676-A016-943E36B346C0}.Debug|Any CPU.Build.0 = Debug|Any CPU
		{34465EF0-1F46-4676-A016-943E36B346C0}.Release|Any CPU.ActiveCfg = Release|Any CPU
		{34465EF0-1F46-4676-A016-943E36B346C0}.Release|Any CPU.Build.0 = Release|Any CPU
		{52BA2988-7BF3-4C9F-8BF2-B0BD4B4F928B}.Debug|Any CPU.ActiveCfg = Debug|Any CPU
		{52BA2988-7BF3-4C9F-8BF2-B0BD4B4F928B}.Debug|Any CPU.Build.0 = Debug|Any CPU
		{52BA2988-7BF3-4C9F-8BF2-B0BD4B4F928B}.Release|Any CPU.ActiveCfg = Release|Any CPU
		{52BA2988-7BF3-4C9F-8BF2-B0BD4B4F928B}.Release|Any CPU.Build.0 = Release|Any CPU
		{BFAC0277-E52C-4357-9B22-6B85644BB217}.Debug|Any CPU.ActiveCfg = Debug|Any CPU
		{BFAC0277-E52C-4357-9B22-6B85644BB217}.Debug|Any CPU.Build.0 = Debug|Any CPU
		{BFAC0277-E52C-4357-9B22-6B85644BB217}.Release|Any CPU.ActiveCfg = Release|Any CPU
		{BFAC0277-E52C-4357-9B22-6B85644BB217}.Release|Any CPU.Build.0 = Release|Any CPU
	EndGlobalSection
	GlobalSection(SolutionProperties) = preSolution
		HideSolutionNode = FALSE
	EndGlobalSection
	GlobalSection(NestedProjects) = preSolution
		{DC2028D1-CA7A-45E9-BB13-4C4E2E6CD484} = {A4CECA8E-9AA8-4377-99A6-9EAC99305071}
		{A7D9A26C-0700-44FD-B06E-C1695DA24701} = {A4CECA8E-9AA8-4377-99A6-9EAC99305071}
		{C3E4AB55-83EA-487F-96A9-EB783244D21E} = {A4CECA8E-9AA8-4377-99A6-9EAC99305071}
		{95DA0F82-6FD5-4405-BE73-B4CF7140B94F} = {C3E4AB55-83EA-487F-96A9-EB783244D21E}
		{B9EE7679-D236-49B2-AACF-BD4888DBD274} = {DC2028D1-CA7A-45E9-BB13-4C4E2E6CD484}
		{34465EF0-1F46-4676-A016-943E36B346C0} = {DC2028D1-CA7A-45E9-BB13-4C4E2E6CD484}
		{52BA2988-7BF3-4C9F-8BF2-B0BD4B4F928B} = {A7D9A26C-0700-44FD-B06E-C1695DA24701}
		{BFAC0277-E52C-4357-9B22-6B85644BB217} = {A7D9A26C-0700-44FD-B06E-C1695DA24701}
	EndGlobalSection
	GlobalSection(ExtensibilityGlobals) = postSolution
		SolutionGuid = {3578EFF2-523C-47B5-A451-C71F1085FA0C}
	EndGlobalSection
EndGlobal
